
Microsoft Visual Studio Solution File, Format Version 12.00
# Visual Studio 14
VisualStudioVersion = 14.0.25420.1
MinimumVisualStudioVersion = 10.0.40219.1
Project("{FAE04EC0-301F-11D3-BF4B-00C04F79EFBC}") = "DatabaseLib", "DatabaseLib\DatabaseLib.csproj", "{2C39DA18-037D-4B61-9B2D-FAEFEBAB21A8}"
EndProject
Project("{FAE04EC0-301F-11D3-BF4B-00C04F79EFBC}") = "Lab04-Nhom", "Lab04-Nhom\Lab04-Nhom.csproj", "{0FC5D284-F5D9-4106-842E-C29B32617102}"
EndProject
Global
	GlobalSection(SolutionConfigurationPlatforms) = preSolution
		Debug|Any CPU = Debug|Any CPU
		Release|Any CPU = Release|Any CPU
	EndGlobalSection
	GlobalSection(ProjectConfigurationPlatforms) = postSolution
		{2C39DA18-037D-4B61-9B2D-FAEFEBAB21A8}.Debug|Any CPU.ActiveCfg = Debug|Any CPU
		{2C39DA18-037D-4B61-9B2D-FAEFEBAB21A8}.Debug|Any CPU.Build.0 = Debug|Any CPU
		{2C39DA18-037D-4B61-9B2D-FAEFEBAB21A8}.Release|Any CPU.ActiveCfg = Release|Any CPU
		{2C39DA18-037D-4B61-9B2D-FAEFEBAB21A8}.Release|Any CPU.Build.0 = Release|Any CPU
		{0FC5D284-F5D9-4106-842E-C29B32617102}.Debug|Any CPU.ActiveCfg = Debug|Any CPU
		{0FC5D284-F5D9-4106-842E-C29B32617102}.Debug|Any CPU.Build.0 = Debug|Any CPU
		{0FC5D284-F5D9-4106-842E-C29B32617102}.Release|Any CPU.ActiveCfg = Release|Any CPU
		{0FC5D284-F5D9-4106-842E-C29B32617102}.Release|Any CPU.Build.0 = Release|Any CPU
	EndGlobalSection
	GlobalSection(SolutionProperties) = preSolution
		HideSolutionNode = FALSE
	EndGlobalSection
EndGlobal
